
Microsoft Visual Studio Solution File, Format Version 12.00
# Visual Studio 14
VisualStudioVersion = 14.0.25420.1
MinimumVisualStudioVersion = 10.0.40219.1
Project("{2150E333-8FDC-42A3-9474-1A3956D46DE8}") = "Application", "Application", "{B34EF76A-7818-4242-AFCF-169DA16C19D9}"
EndProject
Project("{2150E333-8FDC-42A3-9474-1A3956D46DE8}") = "Presentation", "Presentation", "{0506D303-398B-401A-8757-751FE758A083}"
EndProject
Project("{2150E333-8FDC-42A3-9474-1A3956D46DE8}") = "Domain", "Domain", "{13167FFF-A4B4-4D41-A98B-4720B26599F2}"
EndProject
Project("{2150E333-8FDC-42A3-9474-1A3956D46DE8}") = "Infrastructure", "Infrastructure", "{D2F0F12F-B04E-4DA5-B9A6-3F5F9A9E9170}"
EndProject
Project("{2150E333-8FDC-42A3-9474-1A3956D46DE8}") = "Tools", "Tools", "{CD8D8CFE-AE04-4482-8475-687A83DC4579}"
EndProject
Project("{2150E333-8FDC-42A3-9474-1A3956D46DE8}") = "Deploy", "Deploy", "{23F59826-6D7E-402E-83D5-DFBCD18A5F1C}"
EndProject
Project("{2150E333-8FDC-42A3-9474-1A3956D46DE8}") = "Service", "Service", "{D9186B01-162A-491F-9913-333723418061}"
	ProjectSection(SolutionItems) = preProject
		Tools\Deploy\Service\Backup.bat = Tools\Deploy\Service\Backup.bat
		Tools\Deploy\Service\CopyApp.bat = Tools\Deploy\Service\CopyApp.bat
		Tools\Deploy\Service\Deploy.bat = Tools\Deploy\Service\Deploy.bat
		Tools\Deploy\Service\Project.csproj = Tools\Deploy\Service\Project.csproj
	EndProjectSection
EndProject
Project("{FAE04EC0-301F-11D3-BF4B-00C04F79EFBC}") = "Light.Domain", "Domain\Light.Domain\Light.Domain.csproj", "{C49F5FC3-CD5F-4BE5-8359-B075A6A1E050}"
EndProject
Project("{FAE04EC0-301F-11D3-BF4B-00C04F79EFBC}") = "Light.Dtos", "Application\Light.Dtos\Light.Dtos.csproj", "{1A590CF7-929E-442E-AE66-902C30CF1365}"
EndProject
Project("{2150E333-8FDC-42A3-9474-1A3956D46DE8}") = "App", "App", "{27330C3C-006E-43BD-88EF-2FE087F8563F}"
EndProject
Project("{FAE04EC0-301F-11D3-BF4B-00C04F79EFBC}") = "Light.Repositories", "Infrastructure\Light.Repositories\Light.Repositories.csproj", "{838E8F0F-0EC3-4096-B6D2-614359814AD3}"
EndProject
Project("{FAE04EC0-301F-11D3-BF4B-00C04F79EFBC}") = "Light.ErrorHandler", "Infrastructure\Light.ErrorHandler\Light.ErrorHandler.csproj", "{3F56D088-38B0-438C-9FD2-8C4F80F809B4}"
EndProject
Project("{2150E333-8FDC-42A3-9474-1A3956D46DE8}") = "SQLite", "SQLite", "{404E9D72-3968-436E-8DDD-9477F3C5EB4A}"
EndProject
Project("{2150E333-8FDC-42A3-9474-1A3956D46DE8}") = "SQLServer", "SQLServer", "{8D6B1412-B690-4DC0-8019-7C8E689FCDB0}"
EndProject
Project("{FAE04EC0-301F-11D3-BF4B-00C04F79EFBC}") = "Light.Security", "Infrastructure\Light.Security\Light.Security.csproj", "{0D2DD3C2-3858-45B4-AABE-15D85E72FB62}"
EndProject
Project("{2150E333-8FDC-42A3-9474-1A3956D46DE8}") = "UnitTest", "UnitTest", "{5739CDBF-048D-4C83-B57E-2E4B14D97168}"
EndProject
Project("{FAE04EC0-301F-11D3-BF4B-00C04F79EFBC}") = "Light.Repositories.UnitTest", "UnitTest\Light.Repositories.UnitTest\Light.Repositories.UnitTest.csproj", "{175F074A-FDBD-4868-9BF7-0D2814FD90C3}"
EndProject
Project("{FAE04EC0-301F-11D3-BF4B-00C04F79EFBC}") = "Light.Application", "Application\Light.Application\Light.Application.csproj", "{E37C0D11-C30F-447F-A350-43D5520529D5}"
EndProject
Project("{FAE04EC0-301F-11D3-BF4B-00C04F79EFBC}") = "Light.SQLServer", "Infrastructure\SQLServer\Light.SQLServer\Light.SQLServer.csproj", "{05A1BCAD-EDD4-45D1-9D89-DADE1BDE427A}"
EndProject
Project("{FAE04EC0-301F-11D3-BF4B-00C04F79EFBC}") = "Light.SQLite", "Infrastructure\SQLite\Light.SQLite\Light.SQLite.csproj", "{070A005F-1776-4212-81E8-1F5AB39A1BA5}"
EndProject
Project("{FAE04EC0-301F-11D3-BF4B-00C04F79EFBC}") = "Light.ModelConfiguration", "Infrastructure\Light.ModelConfiguration\Light.ModelConfiguration.csproj", "{19BEF8D2-C23D-44E3-A474-D4C56AC7CF9B}"
EndProject
Project("{FAE04EC0-301F-11D3-BF4B-00C04F79EFBC}") = "Light.DataSeeds", "Infrastructure\Light.DataSeeds\Light.DataSeeds.csproj", "{36611629-C9F8-422A-A752-39AE37FE013C}"
EndProject
Project("{FAE04EC0-301F-11D3-BF4B-00C04F79EFBC}") = "Light.DataContracts", "Infrastructure\Light.DataContracts\Light.DataContracts.csproj", "{566AFF1D-243B-493B-9D34-55CC601640F8}"
EndProject
Project("{FAE04EC0-301F-11D3-BF4B-00C04F79EFBC}") = "Light.Command", "Domain\Light.Command\Light.Command.csproj", "{C9E4A798-1004-46C2-9380-3CBF974BAFC2}"
EndProject
Project("{FAE04EC0-301F-11D3-BF4B-00C04F79EFBC}") = "Light.Event", "Domain\Light.Event\Light.Event.csproj", "{692DD621-FCC5-4E69-B29F-1145E21E967A}"
EndProject
Project("{FAE04EC0-301F-11D3-BF4B-00C04F79EFBC}") = "Light.Command.UnitTest", "UnitTest\Light.Command.UnitTest\Light.Command.UnitTest.csproj", "{625CF4CE-FEE8-4A8B-A2B7-926923B7BEFB}"
EndProject
Project("{FAE04EC0-301F-11D3-BF4B-00C04F79EFBC}") = "Light.DIManager", "Infrastructure\Light.DIManager\Light.DIManager.csproj", "{940FC873-E355-41C0-A59B-4C827893FB74}"
EndProject
Project("{FAE04EC0-301F-11D3-BF4B-00C04F79EFBC}") = "Light.Application.UnitTest", "UnitTest\Light.Application.UnitTest\Light.Application.UnitTest.csproj", "{237CF820-104D-4AEF-A08C-ABEC6B252702}"
EndProject
Project("{2150E333-8FDC-42A3-9474-1A3956D46DE8}") = "Targets", "Targets", "{A911475E-B9F7-474D-9809-1D2582C812C8}"
	ProjectSection(SolutionItems) = preProject
		Tools\Deploy\Service\Targets\CommonItems.targets = Tools\Deploy\Service\Targets\CommonItems.targets
		Tools\Deploy\Service\Targets\CommonProperties.targets = Tools\Deploy\Service\Targets\CommonProperties.targets
		Tools\Deploy\Service\Targets\InitCommonProperties.targets = Tools\Deploy\Service\Targets\InitCommonProperties.targets
	EndProjectSection
EndProject
Project("{FAE04EC0-301F-11D3-BF4B-00C04F79EFBC}") = "Light.Logger", "Infrastructure\Light.Logger\Light.Logger.csproj", "{4610025E-2100-4F2A-A0B8-0BD599CE8401}"
EndProject
Project("{FAE04EC0-301F-11D3-BF4B-00C04F79EFBC}") = "Light.Domain.Bus", "Domain\Light.Domain.Bus\Light.Domain.Bus.csproj", "{E6B09EB5-D6EC-4E00-B2FC-7A46210ABB7E}"
EndProject
Project("{FAE04EC0-301F-11D3-BF4B-00C04F79EFBC}") = "Light.WebAPI", "Presentation\Light.WebAPI\Light.WebAPI.csproj", "{5745B9F1-5C92-4679-AB87-199167652AF0}"
EndProject
Global
	GlobalSection(SolutionConfigurationPlatforms) = preSolution
		Debug|Any CPU = Debug|Any CPU
		Debug|x86 = Debug|x86
		Release|Any CPU = Release|Any CPU
		Release|x86 = Release|x86
	EndGlobalSection
	GlobalSection(ProjectConfigurationPlatforms) = postSolution
		{C49F5FC3-CD5F-4BE5-8359-B075A6A1E050}.Debug|Any CPU.ActiveCfg = Debug|Any CPU
		{C49F5FC3-CD5F-4BE5-8359-B075A6A1E050}.Debug|Any CPU.Build.0 = Debug|Any CPU
		{C49F5FC3-CD5F-4BE5-8359-B075A6A1E050}.Debug|x86.ActiveCfg = Debug|Any CPU
		{C49F5FC3-CD5F-4BE5-8359-B075A6A1E050}.Debug|x86.Build.0 = Debug|Any CPU
		{C49F5FC3-CD5F-4BE5-8359-B075A6A1E050}.Release|Any CPU.ActiveCfg = Release|Any CPU
		{C49F5FC3-CD5F-4BE5-8359-B075A6A1E050}.Release|Any CPU.Build.0 = Release|Any CPU
		{C49F5FC3-CD5F-4BE5-8359-B075A6A1E050}.Release|x86.ActiveCfg = Release|Any CPU
		{C49F5FC3-CD5F-4BE5-8359-B075A6A1E050}.Release|x86.Build.0 = Release|Any CPU
		{1A590CF7-929E-442E-AE66-902C30CF1365}.Debug|Any CPU.ActiveCfg = Debug|Any CPU
		{1A590CF7-929E-442E-AE66-902C30CF1365}.Debug|Any CPU.Build.0 = Debug|Any CPU
		{1A590CF7-929E-442E-AE66-902C30CF1365}.Debug|x86.ActiveCfg = Debug|Any CPU
		{1A590CF7-929E-442E-AE66-902C30CF1365}.Debug|x86.Build.0 = Debug|Any CPU
		{1A590CF7-929E-442E-AE66-902C30CF1365}.Release|Any CPU.ActiveCfg = Release|Any CPU
		{1A590CF7-929E-442E-AE66-902C30CF1365}.Release|Any CPU.Build.0 = Release|Any CPU
		{1A590CF7-929E-442E-AE66-902C30CF1365}.Release|x86.ActiveCfg = Release|Any CPU
		{1A590CF7-929E-442E-AE66-902C30CF1365}.Release|x86.Build.0 = Release|Any CPU
		{838E8F0F-0EC3-4096-B6D2-614359814AD3}.Debug|Any CPU.ActiveCfg = Debug|Any CPU
		{838E8F0F-0EC3-4096-B6D2-614359814AD3}.Debug|Any CPU.Build.0 = Debug|Any CPU
		{838E8F0F-0EC3-4096-B6D2-614359814AD3}.Debug|x86.ActiveCfg = Debug|Any CPU
		{838E8F0F-0EC3-4096-B6D2-614359814AD3}.Debug|x86.Build.0 = Debug|Any CPU
		{838E8F0F-0EC3-4096-B6D2-614359814AD3}.Release|Any CPU.ActiveCfg = Release|Any CPU
		{838E8F0F-0EC3-4096-B6D2-614359814AD3}.Release|Any CPU.Build.0 = Release|Any CPU
		{838E8F0F-0EC3-4096-B6D2-614359814AD3}.Release|x86.ActiveCfg = Release|Any CPU
		{838E8F0F-0EC3-4096-B6D2-614359814AD3}.Release|x86.Build.0 = Release|Any CPU
		{3F56D088-38B0-438C-9FD2-8C4F80F809B4}.Debug|Any CPU.ActiveCfg = Debug|Any CPU
		{3F56D088-38B0-438C-9FD2-8C4F80F809B4}.Debug|Any CPU.Build.0 = Debug|Any CPU
		{3F56D088-38B0-438C-9FD2-8C4F80F809B4}.Debug|x86.ActiveCfg = Debug|Any CPU
		{3F56D088-38B0-438C-9FD2-8C4F80F809B4}.Debug|x86.Build.0 = Debug|Any CPU
		{3F56D088-38B0-438C-9FD2-8C4F80F809B4}.Release|Any CPU.ActiveCfg = Release|Any CPU
		{3F56D088-38B0-438C-9FD2-8C4F80F809B4}.Release|Any CPU.Build.0 = Release|Any CPU
		{3F56D088-38B0-438C-9FD2-8C4F80F809B4}.Release|x86.ActiveCfg = Release|Any CPU
		{3F56D088-38B0-438C-9FD2-8C4F80F809B4}.Release|x86.Build.0 = Release|Any CPU
		{0D2DD3C2-3858-45B4-AABE-15D85E72FB62}.Debug|Any CPU.ActiveCfg = Debug|Any CPU
		{0D2DD3C2-3858-45B4-AABE-15D85E72FB62}.Debug|Any CPU.Build.0 = Debug|Any CPU
		{0D2DD3C2-3858-45B4-AABE-15D85E72FB62}.Debug|x86.ActiveCfg = Debug|Any CPU
		{0D2DD3C2-3858-45B4-AABE-15D85E72FB62}.Debug|x86.Build.0 = Debug|Any CPU
		{0D2DD3C2-3858-45B4-AABE-15D85E72FB62}.Release|Any CPU.ActiveCfg = Release|Any CPU
		{0D2DD3C2-3858-45B4-AABE-15D85E72FB62}.Release|Any CPU.Build.0 = Release|Any CPU
		{0D2DD3C2-3858-45B4-AABE-15D85E72FB62}.Release|x86.ActiveCfg = Release|Any CPU
		{0D2DD3C2-3858-45B4-AABE-15D85E72FB62}.Release|x86.Build.0 = Release|Any CPU
		{175F074A-FDBD-4868-9BF7-0D2814FD90C3}.Debug|Any CPU.ActiveCfg = Debug|Any CPU
		{175F074A-FDBD-4868-9BF7-0D2814FD90C3}.Debug|Any CPU.Build.0 = Debug|Any CPU
		{175F074A-FDBD-4868-9BF7-0D2814FD90C3}.Debug|x86.ActiveCfg = Debug|Any CPU
		{175F074A-FDBD-4868-9BF7-0D2814FD90C3}.Debug|x86.Build.0 = Debug|Any CPU
		{175F074A-FDBD-4868-9BF7-0D2814FD90C3}.Release|Any CPU.ActiveCfg = Release|Any CPU
		{175F074A-FDBD-4868-9BF7-0D2814FD90C3}.Release|Any CPU.Build.0 = Release|Any CPU
		{175F074A-FDBD-4868-9BF7-0D2814FD90C3}.Release|x86.ActiveCfg = Release|Any CPU
		{175F074A-FDBD-4868-9BF7-0D2814FD90C3}.Release|x86.Build.0 = Release|Any CPU
		{E37C0D11-C30F-447F-A350-43D5520529D5}.Debug|Any CPU.ActiveCfg = Debug|Any CPU
		{E37C0D11-C30F-447F-A350-43D5520529D5}.Debug|Any CPU.Build.0 = Debug|Any CPU
		{E37C0D11-C30F-447F-A350-43D5520529D5}.Debug|x86.ActiveCfg = Debug|Any CPU
		{E37C0D11-C30F-447F-A350-43D5520529D5}.Debug|x86.Build.0 = Debug|Any CPU
		{E37C0D11-C30F-447F-A350-43D5520529D5}.Release|Any CPU.ActiveCfg = Release|Any CPU
		{E37C0D11-C30F-447F-A350-43D5520529D5}.Release|Any CPU.Build.0 = Release|Any CPU
		{E37C0D11-C30F-447F-A350-43D5520529D5}.Release|x86.ActiveCfg = Release|Any CPU
		{E37C0D11-C30F-447F-A350-43D5520529D5}.Release|x86.Build.0 = Release|Any CPU
		{05A1BCAD-EDD4-45D1-9D89-DADE1BDE427A}.Debug|Any CPU.ActiveCfg = Debug|Any CPU
		{05A1BCAD-EDD4-45D1-9D89-DADE1BDE427A}.Debug|Any CPU.Build.0 = Debug|Any CPU
		{05A1BCAD-EDD4-45D1-9D89-DADE1BDE427A}.Debug|x86.ActiveCfg = Debug|Any CPU
		{05A1BCAD-EDD4-45D1-9D89-DADE1BDE427A}.Debug|x86.Build.0 = Debug|Any CPU
		{05A1BCAD-EDD4-45D1-9D89-DADE1BDE427A}.Release|Any CPU.ActiveCfg = Release|Any CPU
		{05A1BCAD-EDD4-45D1-9D89-DADE1BDE427A}.Release|Any CPU.Build.0 = Release|Any CPU
		{05A1BCAD-EDD4-45D1-9D89-DADE1BDE427A}.Release|x86.ActiveCfg = Release|Any CPU
		{05A1BCAD-EDD4-45D1-9D89-DADE1BDE427A}.Release|x86.Build.0 = Release|Any CPU
		{070A005F-1776-4212-81E8-1F5AB39A1BA5}.Debug|Any CPU.ActiveCfg = Debug|Any CPU
		{070A005F-1776-4212-81E8-1F5AB39A1BA5}.Debug|Any CPU.Build.0 = Debug|Any CPU
		{070A005F-1776-4212-81E8-1F5AB39A1BA5}.Debug|x86.ActiveCfg = Debug|Any CPU
		{070A005F-1776-4212-81E8-1F5AB39A1BA5}.Debug|x86.Build.0 = Debug|Any CPU
		{070A005F-1776-4212-81E8-1F5AB39A1BA5}.Release|Any CPU.ActiveCfg = Release|Any CPU
		{070A005F-1776-4212-81E8-1F5AB39A1BA5}.Release|Any CPU.Build.0 = Release|Any CPU
		{070A005F-1776-4212-81E8-1F5AB39A1BA5}.Release|x86.ActiveCfg = Release|Any CPU
		{070A005F-1776-4212-81E8-1F5AB39A1BA5}.Release|x86.Build.0 = Release|Any CPU
		{19BEF8D2-C23D-44E3-A474-D4C56AC7CF9B}.Debug|Any CPU.ActiveCfg = Debug|Any CPU
		{19BEF8D2-C23D-44E3-A474-D4C56AC7CF9B}.Debug|Any CPU.Build.0 = Debug|Any CPU
		{19BEF8D2-C23D-44E3-A474-D4C56AC7CF9B}.Debug|x86.ActiveCfg = Debug|Any CPU
		{19BEF8D2-C23D-44E3-A474-D4C56AC7CF9B}.Debug|x86.Build.0 = Debug|Any CPU
		{19BEF8D2-C23D-44E3-A474-D4C56AC7CF9B}.Release|Any CPU.ActiveCfg = Release|Any CPU
		{19BEF8D2-C23D-44E3-A474-D4C56AC7CF9B}.Release|Any CPU.Build.0 = Release|Any CPU
		{19BEF8D2-C23D-44E3-A474-D4C56AC7CF9B}.Release|x86.ActiveCfg = Release|Any CPU
		{19BEF8D2-C23D-44E3-A474-D4C56AC7CF9B}.Release|x86.Build.0 = Release|Any CPU
		{36611629-C9F8-422A-A752-39AE37FE013C}.Debug|Any CPU.ActiveCfg = Debug|Any CPU
		{36611629-C9F8-422A-A752-39AE37FE013C}.Debug|Any CPU.Build.0 = Debug|Any CPU
		{36611629-C9F8-422A-A752-39AE37FE013C}.Debug|x86.ActiveCfg = Debug|Any CPU
		{36611629-C9F8-422A-A752-39AE37FE013C}.Debug|x86.Build.0 = Debug|Any CPU
		{36611629-C9F8-422A-A752-39AE37FE013C}.Release|Any CPU.ActiveCfg = Release|Any CPU
		{36611629-C9F8-422A-A752-39AE37FE013C}.Release|Any CPU.Build.0 = Release|Any CPU
		{36611629-C9F8-422A-A752-39AE37FE013C}.Release|x86.ActiveCfg = Release|Any CPU
		{36611629-C9F8-422A-A752-39AE37FE013C}.Release|x86.Build.0 = Release|Any CPU
		{566AFF1D-243B-493B-9D34-55CC601640F8}.Debug|Any CPU.ActiveCfg = Debug|Any CPU
		{566AFF1D-243B-493B-9D34-55CC601640F8}.Debug|Any CPU.Build.0 = Debug|Any CPU
		{566AFF1D-243B-493B-9D34-55CC601640F8}.Debug|x86.ActiveCfg = Debug|Any CPU
		{566AFF1D-243B-493B-9D34-55CC601640F8}.Debug|x86.Build.0 = Debug|Any CPU
		{566AFF1D-243B-493B-9D34-55CC601640F8}.Release|Any CPU.ActiveCfg = Release|Any CPU
		{566AFF1D-243B-493B-9D34-55CC601640F8}.Release|Any CPU.Build.0 = Release|Any CPU
		{566AFF1D-243B-493B-9D34-55CC601640F8}.Release|x86.ActiveCfg = Release|Any CPU
		{566AFF1D-243B-493B-9D34-55CC601640F8}.Release|x86.Build.0 = Release|Any CPU
		{C9E4A798-1004-46C2-9380-3CBF974BAFC2}.Debug|Any CPU.ActiveCfg = Debug|Any CPU
		{C9E4A798-1004-46C2-9380-3CBF974BAFC2}.Debug|Any CPU.Build.0 = Debug|Any CPU
		{C9E4A798-1004-46C2-9380-3CBF974BAFC2}.Debug|x86.ActiveCfg = Debug|Any CPU
		{C9E4A798-1004-46C2-9380-3CBF974BAFC2}.Debug|x86.Build.0 = Debug|Any CPU
		{C9E4A798-1004-46C2-9380-3CBF974BAFC2}.Release|Any CPU.ActiveCfg = Release|Any CPU
		{C9E4A798-1004-46C2-9380-3CBF974BAFC2}.Release|Any CPU.Build.0 = Release|Any CPU
		{C9E4A798-1004-46C2-9380-3CBF974BAFC2}.Release|x86.ActiveCfg = Release|Any CPU
		{C9E4A798-1004-46C2-9380-3CBF974BAFC2}.Release|x86.Build.0 = Release|Any CPU
		{692DD621-FCC5-4E69-B29F-1145E21E967A}.Debug|Any CPU.ActiveCfg = Debug|Any CPU
		{692DD621-FCC5-4E69-B29F-1145E21E967A}.Debug|Any CPU.Build.0 = Debug|Any CPU
		{692DD621-FCC5-4E69-B29F-1145E21E967A}.Debug|x86.ActiveCfg = Debug|Any CPU
		{692DD621-FCC5-4E69-B29F-1145E21E967A}.Debug|x86.Build.0 = Debug|Any CPU
		{692DD621-FCC5-4E69-B29F-1145E21E967A}.Release|Any CPU.ActiveCfg = Release|Any CPU
		{692DD621-FCC5-4E69-B29F-1145E21E967A}.Release|Any CPU.Build.0 = Release|Any CPU
		{692DD621-FCC5-4E69-B29F-1145E21E967A}.Release|x86.ActiveCfg = Release|Any CPU
		{692DD621-FCC5-4E69-B29F-1145E21E967A}.Release|x86.Build.0 = Release|Any CPU
		{625CF4CE-FEE8-4A8B-A2B7-926923B7BEFB}.Debug|Any CPU.ActiveCfg = Debug|Any CPU
		{625CF4CE-FEE8-4A8B-A2B7-926923B7BEFB}.Debug|Any CPU.Build.0 = Debug|Any CPU
		{625CF4CE-FEE8-4A8B-A2B7-926923B7BEFB}.Debug|x86.ActiveCfg = Debug|Any CPU
		{625CF4CE-FEE8-4A8B-A2B7-926923B7BEFB}.Debug|x86.Build.0 = Debug|Any CPU
		{625CF4CE-FEE8-4A8B-A2B7-926923B7BEFB}.Release|Any CPU.ActiveCfg = Release|Any CPU
		{625CF4CE-FEE8-4A8B-A2B7-926923B7BEFB}.Release|Any CPU.Build.0 = Release|Any CPU
		{625CF4CE-FEE8-4A8B-A2B7-926923B7BEFB}.Release|x86.ActiveCfg = Release|Any CPU
		{625CF4CE-FEE8-4A8B-A2B7-926923B7BEFB}.Release|x86.Build.0 = Release|Any CPU
		{940FC873-E355-41C0-A59B-4C827893FB74}.Debug|Any CPU.ActiveCfg = Debug|Any CPU
		{940FC873-E355-41C0-A59B-4C827893FB74}.Debug|Any CPU.Build.0 = Debug|Any CPU
		{940FC873-E355-41C0-A59B-4C827893FB74}.Debug|x86.ActiveCfg = Debug|Any CPU
		{940FC873-E355-41C0-A59B-4C827893FB74}.Debug|x86.Build.0 = Debug|Any CPU
		{940FC873-E355-41C0-A59B-4C827893FB74}.Release|Any CPU.ActiveCfg = Release|Any CPU
		{940FC873-E355-41C0-A59B-4C827893FB74}.Release|Any CPU.Build.0 = Release|Any CPU
		{940FC873-E355-41C0-A59B-4C827893FB74}.Release|x86.ActiveCfg = Release|Any CPU
		{940FC873-E355-41C0-A59B-4C827893FB74}.Release|x86.Build.0 = Release|Any CPU
		{237CF820-104D-4AEF-A08C-ABEC6B252702}.Debug|Any CPU.ActiveCfg = Debug|Any CPU
		{237CF820-104D-4AEF-A08C-ABEC6B252702}.Debug|Any CPU.Build.0 = Debug|Any CPU
		{237CF820-104D-4AEF-A08C-ABEC6B252702}.Debug|x86.ActiveCfg = Debug|Any CPU
		{237CF820-104D-4AEF-A08C-ABEC6B252702}.Debug|x86.Build.0 = Debug|Any CPU
		{237CF820-104D-4AEF-A08C-ABEC6B252702}.Release|Any CPU.ActiveCfg = Release|Any CPU
		{237CF820-104D-4AEF-A08C-ABEC6B252702}.Release|Any CPU.Build.0 = Release|Any CPU
		{237CF820-104D-4AEF-A08C-ABEC6B252702}.Release|x86.ActiveCfg = Release|Any CPU
		{237CF820-104D-4AEF-A08C-ABEC6B252702}.Release|x86.Build.0 = Release|Any CPU
		{4610025E-2100-4F2A-A0B8-0BD599CE8401}.Debug|Any CPU.ActiveCfg = Debug|Any CPU
		{4610025E-2100-4F2A-A0B8-0BD599CE8401}.Debug|Any CPU.Build.0 = Debug|Any CPU
		{4610025E-2100-4F2A-A0B8-0BD599CE8401}.Debug|x86.ActiveCfg = Debug|Any CPU
		{4610025E-2100-4F2A-A0B8-0BD599CE8401}.Debug|x86.Build.0 = Debug|Any CPU
		{4610025E-2100-4F2A-A0B8-0BD599CE8401}.Release|Any CPU.ActiveCfg = Release|Any CPU
		{4610025E-2100-4F2A-A0B8-0BD599CE8401}.Release|Any CPU.Build.0 = Release|Any CPU
		{4610025E-2100-4F2A-A0B8-0BD599CE8401}.Release|x86.ActiveCfg = Release|Any CPU
		{4610025E-2100-4F2A-A0B8-0BD599CE8401}.Release|x86.Build.0 = Release|Any CPU
		{E6B09EB5-D6EC-4E00-B2FC-7A46210ABB7E}.Debug|Any CPU.ActiveCfg = Debug|Any CPU
		{E6B09EB5-D6EC-4E00-B2FC-7A46210ABB7E}.Debug|Any CPU.Build.0 = Debug|Any CPU
		{E6B09EB5-D6EC-4E00-B2FC-7A46210ABB7E}.Debug|x86.ActiveCfg = Debug|Any CPU
		{E6B09EB5-D6EC-4E00-B2FC-7A46210ABB7E}.Debug|x86.Build.0 = Debug|Any CPU
		{E6B09EB5-D6EC-4E00-B2FC-7A46210ABB7E}.Release|Any CPU.ActiveCfg = Release|Any CPU
		{E6B09EB5-D6EC-4E00-B2FC-7A46210ABB7E}.Release|Any CPU.Build.0 = Release|Any CPU
		{E6B09EB5-D6EC-4E00-B2FC-7A46210ABB7E}.Release|x86.ActiveCfg = Release|Any CPU
		{E6B09EB5-D6EC-4E00-B2FC-7A46210ABB7E}.Release|x86.Build.0 = Release|Any CPU
		{5745B9F1-5C92-4679-AB87-199167652AF0}.Debug|Any CPU.ActiveCfg = Debug|Any CPU
		{5745B9F1-5C92-4679-AB87-199167652AF0}.Debug|Any CPU.Build.0 = Debug|Any CPU
		{5745B9F1-5C92-4679-AB87-199167652AF0}.Debug|x86.ActiveCfg = Debug|Any CPU
		{5745B9F1-5C92-4679-AB87-199167652AF0}.Debug|x86.Build.0 = Debug|Any CPU
		{5745B9F1-5C92-4679-AB87-199167652AF0}.Release|Any CPU.ActiveCfg = Release|Any CPU
		{5745B9F1-5C92-4679-AB87-199167652AF0}.Release|Any CPU.Build.0 = Release|Any CPU
		{5745B9F1-5C92-4679-AB87-199167652AF0}.Release|x86.ActiveCfg = Release|Any CPU
		{5745B9F1-5C92-4679-AB87-199167652AF0}.Release|x86.Build.0 = Release|Any CPU
	EndGlobalSection
	GlobalSection(SolutionProperties) = preSolution
		HideSolutionNode = FALSE
	EndGlobalSection
	GlobalSection(NestedProjects) = preSolution
		{23F59826-6D7E-402E-83D5-DFBCD18A5F1C} = {CD8D8CFE-AE04-4482-8475-687A83DC4579}
		{D9186B01-162A-491F-9913-333723418061} = {23F59826-6D7E-402E-83D5-DFBCD18A5F1C}
		{C49F5FC3-CD5F-4BE5-8359-B075A6A1E050} = {13167FFF-A4B4-4D41-A98B-4720B26599F2}
		{1A590CF7-929E-442E-AE66-902C30CF1365} = {B34EF76A-7818-4242-AFCF-169DA16C19D9}
		{27330C3C-006E-43BD-88EF-2FE087F8563F} = {0506D303-398B-401A-8757-751FE758A083}
		{838E8F0F-0EC3-4096-B6D2-614359814AD3} = {D2F0F12F-B04E-4DA5-B9A6-3F5F9A9E9170}
		{3F56D088-38B0-438C-9FD2-8C4F80F809B4} = {D2F0F12F-B04E-4DA5-B9A6-3F5F9A9E9170}
		{404E9D72-3968-436E-8DDD-9477F3C5EB4A} = {D2F0F12F-B04E-4DA5-B9A6-3F5F9A9E9170}
		{8D6B1412-B690-4DC0-8019-7C8E689FCDB0} = {D2F0F12F-B04E-4DA5-B9A6-3F5F9A9E9170}
		{0D2DD3C2-3858-45B4-AABE-15D85E72FB62} = {D2F0F12F-B04E-4DA5-B9A6-3F5F9A9E9170}
		{175F074A-FDBD-4868-9BF7-0D2814FD90C3} = {5739CDBF-048D-4C83-B57E-2E4B14D97168}
		{E37C0D11-C30F-447F-A350-43D5520529D5} = {B34EF76A-7818-4242-AFCF-169DA16C19D9}
		{05A1BCAD-EDD4-45D1-9D89-DADE1BDE427A} = {8D6B1412-B690-4DC0-8019-7C8E689FCDB0}
		{070A005F-1776-4212-81E8-1F5AB39A1BA5} = {404E9D72-3968-436E-8DDD-9477F3C5EB4A}
		{19BEF8D2-C23D-44E3-A474-D4C56AC7CF9B} = {D2F0F12F-B04E-4DA5-B9A6-3F5F9A9E9170}
		{36611629-C9F8-422A-A752-39AE37FE013C} = {D2F0F12F-B04E-4DA5-B9A6-3F5F9A9E9170}
		{566AFF1D-243B-493B-9D34-55CC601640F8} = {D2F0F12F-B04E-4DA5-B9A6-3F5F9A9E9170}
		{C9E4A798-1004-46C2-9380-3CBF974BAFC2} = {13167FFF-A4B4-4D41-A98B-4720B26599F2}
		{692DD621-FCC5-4E69-B29F-1145E21E967A} = {13167FFF-A4B4-4D41-A98B-4720B26599F2}
		{625CF4CE-FEE8-4A8B-A2B7-926923B7BEFB} = {5739CDBF-048D-4C83-B57E-2E4B14D97168}
		{940FC873-E355-41C0-A59B-4C827893FB74} = {D2F0F12F-B04E-4DA5-B9A6-3F5F9A9E9170}
		{237CF820-104D-4AEF-A08C-ABEC6B252702} = {5739CDBF-048D-4C83-B57E-2E4B14D97168}
		{A911475E-B9F7-474D-9809-1D2582C812C8} = {D9186B01-162A-491F-9913-333723418061}
		{4610025E-2100-4F2A-A0B8-0BD599CE8401} = {D2F0F12F-B04E-4DA5-B9A6-3F5F9A9E9170}
		{E6B09EB5-D6EC-4E00-B2FC-7A46210ABB7E} = {13167FFF-A4B4-4D41-A98B-4720B26599F2}
		{5745B9F1-5C92-4679-AB87-199167652AF0} = {0506D303-398B-401A-8757-751FE758A083}
	EndGlobalSection
EndGlobal
